
Microsoft Visual Studio Solution File, Format Version 12.00
# Visual Studio 2012
Project("{FAE04EC0-301F-11D3-BF4B-00C04F79EFBC}") = "CastleGrimtol", "CastleGrimtol\CastleGrimtol.csproj", "{E81A015A-190D-4ED9-8709-AAB9901DA1C4}"
EndProject
Project("{FAE04EC0-301F-11D3-BF4B-00C04F79EFBC}") = "CastleGrimtolData", "CastleGrimtolData\CastleGrimtolData.csproj", "{B038BFAE-478A-4FF5-869C-DA9C4A8F0312}"
EndProject
Project("{FAE04EC0-301F-11D3-BF4B-00C04F79EFBC}") = "CastleGrimtolWebAPI", "CastleGrimtolWebAPI\CastleGrimtolWebAPI.csproj", "{7FBB34BB-9A46-4468-B461-27CC1FE568D7}"
EndProject
Global
	GlobalSection(SolutionConfigurationPlatforms) = preSolution
		Debug|Any CPU = Debug|Any CPU
		Release|Any CPU = Release|Any CPU
	EndGlobalSection
	GlobalSection(ProjectConfigurationPlatforms) = postSolution
		{E81A015A-190D-4ED9-8709-AAB9901DA1C4}.Debug|Any CPU.ActiveCfg = Debug|Any CPU
		{E81A015A-190D-4ED9-8709-AAB9901DA1C4}.Debug|Any CPU.Build.0 = Debug|Any CPU
		{E81A015A-190D-4ED9-8709-AAB9901DA1C4}.Release|Any CPU.ActiveCfg = Release|Any CPU
		{E81A015A-190D-4ED9-8709-AAB9901DA1C4}.Release|Any CPU.Build.0 = Release|Any CPU
		{B038BFAE-478A-4FF5-869C-DA9C4A8F0312}.Debug|Any CPU.ActiveCfg = Debug|Any CPU
		{B038BFAE-478A-4FF5-869C-DA9C4A8F0312}.Debug|Any CPU.Build.0 = Debug|Any CPU
		{B038BFAE-478A-4FF5-869C-DA9C4A8F0312}.Release|Any CPU.ActiveCfg = Release|Any CPU
		{B038BFAE-478A-4FF5-869C-DA9C4A8F0312}.Release|Any CPU.Build.0 = Release|Any CPU
		{7FBB34BB-9A46-4468-B461-27CC1FE568D7}.Debug|Any CPU.ActiveCfg = Debug|Any CPU
		{7FBB34BB-9A46-4468-B461-27CC1FE568D7}.Debug|Any CPU.Build.0 = Debug|Any CPU
		{7FBB34BB-9A46-4468-B461-27CC1FE568D7}.Release|Any CPU.ActiveCfg = Release|Any CPU
		{7FBB34BB-9A46-4468-B461-27CC1FE568D7}.Release|Any CPU.Build.0 = Release|Any CPU
	EndGlobalSection
EndGlobal
